
Microsoft Visual Studio Solution File, Format Version 12.00
# Visual Studio Version 17
VisualStudioVersion = 17.2.32630.192
MinimumVisualStudioVersion = 10.0.40219.1
Project("{FAE04EC0-301F-11D3-BF4B-00C04F79EFBC}") = "FeatureHub.Console", "FeatureHub.Console\FeatureHub.Console.csproj", "{B69E9DB5-1963-4DEF-AB16-76527D5ADAE2}"
EndProject
Project("{E53339B2-1760-4266-BCC7-CA923CBCF16C}") = "docker-compose", "docker-compose.dcproj", "{59985227-0B73-49FB-99B0-8C38B6AC3B25}"
EndProject
Global
	GlobalSection(SolutionConfigurationPlatforms) = preSolution
		Debug|Any CPU = Debug|Any CPU
		Release|Any CPU = Release|Any CPU
	EndGlobalSection
	GlobalSection(ProjectConfigurationPlatforms) = postSolution
		{B69E9DB5-1963-4DEF-AB16-76527D5ADAE2}.Debug|Any CPU.ActiveCfg = Debug|Any CPU
		{B69E9DB5-1963-4DEF-AB16-76527D5ADAE2}.Debug|Any CPU.Build.0 = Debug|Any CPU
		{B69E9DB5-1963-4DEF-AB16-76527D5ADAE2}.Release|Any CPU.ActiveCfg = Release|Any CPU
		{B69E9DB5-1963-4DEF-AB16-76527D5ADAE2}.Release|Any CPU.Build.0 = Release|Any CPU
		{59985227-0B73-49FB-99B0-8C38B6AC3B25}.Debug|Any CPU.ActiveCfg = Debug|Any CPU
		{59985227-0B73-49FB-99B0-8C38B6AC3B25}.Debug|Any CPU.Build.0 = Debug|Any CPU
		{59985227-0B73-49FB-99B0-8C38B6AC3B25}.Release|Any CPU.ActiveCfg = Release|Any CPU
		{59985227-0B73-49FB-99B0-8C38B6AC3B25}.Release|Any CPU.Build.0 = Release|Any CPU
	EndGlobalSection
	GlobalSection(SolutionProperties) = preSolution
		HideSolutionNode = FALSE
	EndGlobalSection
	GlobalSection(ExtensibilityGlobals) = postSolution
		SolutionGuid = {C836C41E-7556-4894-AA57-BA707CE94167}
	EndGlobalSection
EndGlobal
